// !$*UTF8*$!
{
	archiveVersion = 1;
	classes = {
	};
	objectVersion = 50;
	objects = {

/* Begin PBXBuildFile section */
		CC02C139272E7527002282E7 /* GameScene.sks in Resources */ = {isa = PBXBuildFile; fileRef = CC02C137272E7526002282E7 /* GameScene.sks */; };
		CC02C13A272E7527002282E7 /* GameScene.swift in Sources */ = {isa = PBXBuildFile; fileRef = CC02C138272E7527002282E7 /* GameScene.swift */; };
		CC6957A0271B7A980066CF6B /* ViewModel.swift in Sources */ = {isa = PBXBuildFile; fileRef = CC69579F271B7A980066CF6B /* ViewModel.swift */; };
		CC7A23BA271B75500090793F /* StatusItem.swift in Sources */ = {isa = PBXBuildFile; fileRef = CC7A23B9271B75500090793F /* StatusItem.swift */; };
		CC9D01A325D0395B00363611 /* AppDelegate.swift in Sources */ = {isa = PBXBuildFile; fileRef = CC9D01A225D0395B00363611 /* AppDelegate.swift */; };
		CC9D01AB25D0395B00363611 /* ViewController.swift in Sources */ = {isa = PBXBuildFile; fileRef = CC9D01AA25D0395B00363611 /* ViewController.swift */; };
		CC9D01AD25D0395C00363611 /* Assets.xcassets in Resources */ = {isa = PBXBuildFile; fileRef = CC9D01AC25D0395C00363611 /* Assets.xcassets */; };
		CC9D01B025D0395C00363611 /* Main.storyboard in Resources */ = {isa = PBXBuildFile; fileRef = CC9D01AE25D0395C00363611 /* Main.storyboard */; };
		CCE99981272F2D2400160494 /* Binding.swift in Sources */ = {isa = PBXBuildFile; fileRef = CCE99980272F2D2400160494 /* Binding.swift */; };
/* End PBXBuildFile section */

/* Begin PBXFileReference section */
		CC02C137272E7526002282E7 /* GameScene.sks */ = {isa = PBXFileReference; lastKnownFileType = file.sks; path = GameScene.sks; sourceTree = "<group>"; };
		CC02C138272E7527002282E7 /* GameScene.swift */ = {isa = PBXFileReference; fileEncoding = 4; lastKnownFileType = sourcecode.swift; path = GameScene.swift; sourceTree = "<group>"; };
		CC69579F271B7A980066CF6B /* ViewModel.swift */ = {isa = PBXFileReference; lastKnownFileType = sourcecode.swift; path = ViewModel.swift; sourceTree = "<group>"; };
		CC7A23B9271B75500090793F /* StatusItem.swift */ = {isa = PBXFileReference; lastKnownFileType = sourcecode.swift; path = StatusItem.swift; sourceTree = "<group>"; };
		CC9D019F25D0395B00363611 /* PotatOClock.app */ = {isa = PBXFileReference; explicitFileType = wrapper.application; includeInIndex = 0; path = PotatOClock.app; sourceTree = BUILT_PRODUCTS_DIR; };
		CC9D01A225D0395B00363611 /* AppDelegate.swift */ = {isa = PBXFileReference; lastKnownFileType = sourcecode.swift; path = AppDelegate.swift; sourceTree = "<group>"; };
		CC9D01AA25D0395B00363611 /* ViewController.swift */ = {isa = PBXFileReference; lastKnownFileType = sourcecode.swift; path = ViewController.swift; sourceTree = "<group>"; };
		CC9D01AC25D0395C00363611 /* Assets.xcassets */ = {isa = PBXFileReference; lastKnownFileType = folder.assetcatalog; path = Assets.xcassets; sourceTree = "<group>"; };
		CC9D01AF25D0395C00363611 /* Base */ = {isa = PBXFileReference; lastKnownFileType = file.storyboard; name = Base; path = Base.lproj/Main.storyboard; sourceTree = "<group>"; };
		CC9D01B125D0395C00363611 /* Info.plist */ = {isa = PBXFileReference; lastKnownFileType = text.plist.xml; path = Info.plist; sourceTree = "<group>"; };
		CC9D01B225D0395C00363611 /* PotatOClock.entitlements */ = {isa = PBXFileReference; lastKnownFileType = text.plist.entitlements; path = PotatOClock.entitlements; sourceTree = "<group>"; };
		CCE99980272F2D2400160494 /* Binding.swift */ = {isa = PBXFileReference; fileEncoding = 4; lastKnownFileType = sourcecode.swift; path = Binding.swift; sourceTree = "<group>"; };
/* End PBXFileReference section */

/* Begin PBXFrameworksBuildPhase section */
		CC9D019C25D0395B00363611 /* Frameworks */ = {
			isa = PBXFrameworksBuildPhase;
			buildActionMask = 2147483647;
			files = (
			);
			runOnlyForDeploymentPostprocessing = 0;
		};
/* End PBXFrameworksBuildPhase section */

/* Begin PBXGroup section */
		CC9D019625D0395B00363611 = {
			isa = PBXGroup;
			children = (
				CC9D01A125D0395B00363611 /* PotatOClock */,
				CC9D01A025D0395B00363611 /* Products */,
			);
			sourceTree = "<group>";
		};
		CC9D01A025D0395B00363611 /* Products */ = {
			isa = PBXGroup;
			children = (
				CC9D019F25D0395B00363611 /* PotatOClock.app */,
			);
			name = Products;
			sourceTree = "<group>";
		};
		CC9D01A125D0395B00363611 /* PotatOClock */ = {
			isa = PBXGroup;
			children = (
				CC69579F271B7A980066CF6B /* ViewModel.swift */,
				CC9D01AA25D0395B00363611 /* ViewController.swift */,
				CC02C138272E7527002282E7 /* GameScene.swift */,
				CC9D01A225D0395B00363611 /* AppDelegate.swift */,
				CC7A23B9271B75500090793F /* StatusItem.swift */,
				CCE99980272F2D2400160494 /* Binding.swift */,
				CC9D01AC25D0395C00363611 /* Assets.xcassets */,
				CC02C137272E7526002282E7 /* GameScene.sks */,
				CC9D01AE25D0395C00363611 /* Main.storyboard */,
				CC9D01B125D0395C00363611 /* Info.plist */,
				CC9D01B225D0395C00363611 /* PotatOClock.entitlements */,
			);
			path = PotatOClock;
			sourceTree = "<group>";
		};
/* End PBXGroup section */

/* Begin PBXNativeTarget section */
		CC9D019E25D0395B00363611 /* PotatOClock */ = {
			isa = PBXNativeTarget;
			buildConfigurationList = CC9D01B525D0395C00363611 /* Build configuration list for PBXNativeTarget "PotatOClock" */;
			buildPhases = (
				CC9D019B25D0395B00363611 /* Sources */,
				CC9D019C25D0395B00363611 /* Frameworks */,
				CC9D019D25D0395B00363611 /* Resources */,
			);
			buildRules = (
			);
			dependencies = (
			);
			name = PotatOClock;
			productName = PotatOClock;
			productReference = CC9D019F25D0395B00363611 /* PotatOClock.app */;
			productType = "com.apple.product-type.application";
		};
/* End PBXNativeTarget section */

/* Begin PBXProject section */
		CC9D019725D0395B00363611 /* Project object */ = {
			isa = PBXProject;
			attributes = {
				LastSwiftUpdateCheck = 1240;
				LastUpgradeCheck = 1310;
				TargetAttributes = {
					CC9D019E25D0395B00363611 = {
						CreatedOnToolsVersion = 12.4;
					};
				};
			};
			buildConfigurationList = CC9D019A25D0395B00363611 /* Build configuration list for PBXProject "PotatOClock" */;
			compatibilityVersion = "Xcode 9.3";
			developmentRegion = en;
			hasScannedForEncodings = 0;
			knownRegions = (
				en,
				Base,
			);
			mainGroup = CC9D019625D0395B00363611;
			productRefGroup = CC9D01A025D0395B00363611 /* Products */;
			projectDirPath = "";
			projectRoot = "";
			targets = (
				CC9D019E25D0395B00363611 /* PotatOClock */,
			);
		};
/* End PBXProject section */

/* Begin PBXResourcesBuildPhase section */
		CC9D019D25D0395B00363611 /* Resources */ = {
			isa = PBXResourcesBuildPhase;
			buildActionMask = 2147483647;
			files = (
				CC9D01AD25D0395C00363611 /* Assets.xcassets in Resources */,
				CC02C139272E7527002282E7 /* GameScene.sks in Resources */,
				CC9D01B025D0395C00363611 /* Main.storyboard in Resources */,
			);
			runOnlyForDeploymentPostprocessing = 0;
		};
/* End PBXResourcesBuildPhase section */

/* Begin PBXSourcesBuildPhase section */
		CC9D019B25D0395B00363611 /* Sources */ = {
			isa = PBXSourcesBuildPhase;
			buildActionMask = 2147483647;
			files = (
				CC02C13A272E7527002282E7 /* GameScene.swift in Sources */,
				CCE99981272F2D2400160494 /* Binding.swift in Sources */,
				CC9D01AB25D0395B00363611 /* ViewController.swift in Sources */,
				CC7A23BA271B75500090793F /* StatusItem.swift in Sources */,
				CC6957A0271B7A980066CF6B /* ViewModel.swift in Sources */,
				CC9D01A325D0395B00363611 /* AppDelegate.swift in Sources */,
			);
			runOnlyForDeploymentPostprocessing = 0;
		};
/* End PBXSourcesBuildPhase section */

/* Begin PBXVariantGroup section */
		CC9D01AE25D0395C00363611 /* Main.storyboard */ = {
			isa = PBXVariantGroup;
			children = (
				CC9D01AF25D0395C00363611 /* Base */,
			);
			name = Main.storyboard;
			sourceTree = "<group>";
		};
/* End PBXVariantGroup section */

/* Begin XCBuildConfiguration section */
		CC9D01B325D0395C00363611 /* Debug */ = {
			isa = XCBuildConfiguration;
			buildSettings = {
				ALWAYS_SEARCH_USER_PATHS = NO;
				CLANG_ANALYZER_NONNULL = YES;
				CLANG_ANALYZER_NUMBER_OBJECT_CONVERSION = YES_AGGRESSIVE;
				CLANG_CXX_LANGUAGE_STANDARD = "gnu++14";
				CLANG_CXX_LIBRARY = "libc++";
				CLANG_ENABLE_MODULES = YES;
				CLANG_ENABLE_OBJC_ARC = YES;
				CLANG_ENABLE_OBJC_WEAK = YES;
				CLANG_WARN_BLOCK_CAPTURE_AUTORELEASING = YES;
				CLANG_WARN_BOOL_CONVERSION = YES;
				CLANG_WARN_COMMA = YES;
				CLANG_WARN_CONSTANT_CONVERSION = YES;
				CLANG_WARN_DEPRECATED_OBJC_IMPLEMENTATIONS = YES;
				CLANG_WARN_DIRECT_OBJC_ISA_USAGE = YES_ERROR;
				CLANG_WARN_DOCUMENTATION_COMMENTS = YES;
				CLANG_WARN_EMPTY_BODY = YES;
				CLANG_WARN_ENUM_CONVERSION = YES;
				CLANG_WARN_INFINITE_RECURSION = YES;
				CLANG_WARN_INT_CONVERSION = YES;
				CLANG_WARN_NON_LITERAL_NULL_CONVERSION = YES;
				CLANG_WARN_OBJC_IMPLICIT_RETAIN_SELF = YES;
				CLANG_WARN_OBJC_LITERAL_CONVERSION = YES;
				CLANG_WARN_OBJC_ROOT_CLASS = YES_ERROR;
				CLANG_WARN_QUOTED_INCLUDE_IN_FRAMEWORK_HEADER = YES;
				CLANG_WARN_RANGE_LOOP_ANALYSIS = YES;
				CLANG_WARN_STRICT_PROTOTYPES = YES;
				CLANG_WARN_SUSPICIOUS_MOVE = YES;
				CLANG_WARN_UNGUARDED_AVAILABILITY = YES_AGGRESSIVE;
				CLANG_WARN_UNREACHABLE_CODE = YES;
				CLANG_WARN__DUPLICATE_METHOD_MATCH = YES;
				COPY_PHASE_STRIP = NO;
				DEBUG_INFORMATION_FORMAT = dwarf;
				ENABLE_STRICT_OBJC_MSGSEND = YES;
				ENABLE_TESTABILITY = YES;
				GCC_C_LANGUAGE_STANDARD = gnu11;
				GCC_DYNAMIC_NO_PIC = NO;
				GCC_NO_COMMON_BLOCKS = YES;
				GCC_OPTIMIZATION_LEVEL = 0;
				GCC_PREPROCESSOR_DEFINITIONS = (
					"DEBUG=1",
					"$(inherited)",
				);
				GCC_WARN_64_TO_32_BIT_CONVERSION = YES;
				GCC_WARN_ABOUT_RETURN_TYPE = YES_ERROR;
				GCC_WARN_UNDECLARED_SELECTOR = YES;
				GCC_WARN_UNINITIALIZED_AUTOS = YES_AGGRESSIVE;
				GCC_WARN_UNUSED_FUNCTION = YES;
				GCC_WARN_UNUSED_VARIABLE = YES;
				MACOSX_DEPLOYMENT_TARGET = 10.13;
				MTL_ENABLE_DEBUG_INFO = INCLUDE_SOURCE;
				MTL_FAST_MATH = YES;
				ONLY_ACTIVE_ARCH = YES;
				SDKROOT = macosx;
				SWIFT_ACTIVE_COMPILATION_CONDITIONS = DEBUG;
				SWIFT_OPTIMIZATION_LEVEL = "-Onone";
			};
			name = Debug;
		};
		CC9D01B425D0395C00363611 /* Release */ = {
			isa = XCBuildConfiguration;
			buildSettings = {
				ALWAYS_SEARCH_USER_PATHS = NO;
				CLANG_ANALYZER_NONNULL = YES;
				CLANG_ANALYZER_NUMBER_OBJECT_CONVERSION = YES_AGGRESSIVE;
				CLANG_CXX_LANGUAGE_STANDARD = "gnu++14";
				CLANG_CXX_LIBRARY = "libc++";
				CLANG_ENABLE_MODULES = YES;
				CLANG_ENABLE_OBJC_ARC = YES;
				CLANG_ENABLE_OBJC_WEAK = YES;
				CLANG_WARN_BLOCK_CAPTURE_AUTORELEASING = YES;
				CLANG_WARN_BOOL_CONVERSION = YES;
				CLANG_WARN_COMMA = YES;
				CLANG_WARN_CONSTANT_CONVERSION = YES;
				CLANG_WARN_DEPRECATED_OBJC_IMPLEMENTATIONS = YES;
				CLANG_WARN_DIRECT_OBJC_ISA_USAGE = YES_ERROR;
				CLANG_WARN_DOCUMENTATION_COMMENTS = YES;
				CLANG_WARN_EMPTY_BODY = YES;
				CLANG_WARN_ENUM_CONVERSION = YES;
				CLANG_WARN_INFINITE_RECURSION = YES;
				CLANG_WARN_INT_CONVERSION = YES;
				CLANG_WARN_NON_LITERAL_NULL_CONVERSION = YES;
				CLANG_WARN_OBJC_IMPLICIT_RETAIN_SELF = YES;
				CLANG_WARN_OBJC_LITERAL_CONVERSION = YES;
				CLANG_WARN_OBJC_ROOT_CLASS = YES_ERROR;
				CLANG_WARN_QUOTED_INCLUDE_IN_FRAMEWORK_HEADER = YES;
				CLANG_WARN_RANGE_LOOP_ANALYSIS = YES;
				CLANG_WARN_STRICT_PROTOTYPES = YES;
				CLANG_WARN_SUSPICIOUS_MOVE = YES;
				CLANG_WARN_UNGUARDED_AVAILABILITY = YES_AGGRESSIVE;
				CLANG_WARN_UNREACHABLE_CODE = YES;
				CLANG_WARN__DUPLICATE_METHOD_MATCH = YES;
				COPY_PHASE_STRIP = NO;
				DEBUG_INFORMATION_FORMAT = "dwarf-with-dsym";
				ENABLE_NS_ASSERTIONS = NO;
				ENABLE_STRICT_OBJC_MSGSEND = YES;
				GCC_C_LANGUAGE_STANDARD = gnu11;
				GCC_NO_COMMON_BLOCKS = YES;
				GCC_WARN_64_TO_32_BIT_CONVERSION = YES;
				GCC_WARN_ABOUT_RETURN_TYPE = YES_ERROR;
				GCC_WARN_UNDECLARED_SELECTOR = YES;
				GCC_WARN_UNINITIALIZED_AUTOS = YES_AGGRESSIVE;
				GCC_WARN_UNUSED_FUNCTION = YES;
				GCC_WARN_UNUSED_VARIABLE = YES;
				MACOSX_DEPLOYMENT_TARGET = 10.13;
				MTL_ENABLE_DEBUG_INFO = NO;
				MTL_FAST_MATH = YES;
				SDKROOT = macosx;
				SWIFT_COMPILATION_MODE = wholemodule;
				SWIFT_OPTIMIZATION_LEVEL = "-O";
			};
			name = Release;
		};
		CC9D01B625D0395C00363611 /* Debug */ = {
			isa = XCBuildConfiguration;
			buildSettings = {
				ASSETCATALOG_COMPILER_APPICON_NAME = AppIcon;
				ASSETCATALOG_COMPILER_GLOBAL_ACCENT_COLOR_NAME = AccentColor;
				CODE_SIGN_ENTITLEMENTS = PotatOClock/PotatOClock.entitlements;
				CODE_SIGN_IDENTITY = "Apple Development";
				CODE_SIGN_STYLE = Automatic;
				COMBINE_HIDPI_IMAGES = YES;
				DEVELOPMENT_TEAM = YVAVUS4X5W;
				ENABLE_HARDENED_RUNTIME = YES;
				INFOPLIST_FILE = PotatOClock/Info.plist;
				LD_RUNPATH_SEARCH_PATHS = (
					"$(inherited)",
					"@executable_path/../Frameworks",
				);
				PRODUCT_BUNDLE_IDENTIFIER = com.roeybiran.PotatOClock;
				PRODUCT_NAME = "$(TARGET_NAME)";
				SWIFT_VERSION = 5.0;
			};
			name = Debug;
		};
		CC9D01B725D0395C00363611 /* Release */ = {
			isa = XCBuildConfiguration;
			buildSettings = {
				ASSETCATALOG_COMPILER_APPICON_NAME = AppIcon;
				ASSETCATALOG_COMPILER_GLOBAL_ACCENT_COLOR_NAME = AccentColor;
				CODE_SIGN_ENTITLEMENTS = PotatOClock/PotatOClock.entitlements;
				CODE_SIGN_IDENTITY = "Apple Development";
				CODE_SIGN_STYLE = Automatic;
				COMBINE_HIDPI_IMAGES = YES;
				DEVELOPMENT_TEAM = YVAVUS4X5W;
				ENABLE_HARDENED_RUNTIME = YES;
				INFOPLIST_FILE = PotatOClock/Info.plist;
				LD_RUNPATH_SEARCH_PATHS = (
					"$(inherited)",
					"@executable_path/../Frameworks",
				);
				PRODUCT_BUNDLE_IDENTIFIER = com.roeybiran.PotatOClock;
				PRODUCT_NAME = "$(TARGET_NAME)";
				SWIFT_VERSION = 5.0;
			};
			name = Release;
		};
/* End XCBuildConfiguration section */

/* Begin XCConfigurationList section */
		CC9D019A25D0395B00363611 /* Build configuration list for PBXProject "PotatOClock" */ = {
			isa = XCConfigurationList;
			buildConfigurations = (
				CC9D01B325D0395C00363611 /* Debug */,
				CC9D01B425D0395C00363611 /* Release */,
			);
			defaultConfigurationIsVisible = 0;
			defaultConfigurationName = Release;
		};
		CC9D01B525D0395C00363611 /* Build configuration list for PBXNativeTarget "PotatOClock" */ = {
			isa = XCConfigurationList;
			buildConfigurations = (
				CC9D01B625D0395C00363611 /* Debug */,
				CC9D01B725D0395C00363611 /* Release */,
			);
			defaultConfigurationIsVisible = 0;
			defaultConfigurationName = Release;
		};
/* End XCConfigurationList section */
	};
	rootObject = CC9D019725D0395B00363611 /* Project object */;
}
